
Microsoft Visual Studio Solution File, Format Version 12.00
Project("{FAE04EC0-301F-11D3-BF4B-00C04F79EFBC}") = "SubsKript", "SubsKript\SubsKript.csproj", "{F8446546-4A6F-46BD-9209-F25B9AC82B47}"
EndProject
Global
	GlobalSection(SolutionConfigurationPlatforms) = preSolution
		Debug|Any CPU = Debug|Any CPU
		Release|Any CPU = Release|Any CPU
	EndGlobalSection
	GlobalSection(ProjectConfigurationPlatforms) = postSolution
		{F8446546-4A6F-46BD-9209-F25B9AC82B47}.Debug|Any CPU.ActiveCfg = Debug|Any CPU
		{F8446546-4A6F-46BD-9209-F25B9AC82B47}.Debug|Any CPU.Build.0 = Debug|Any CPU
		{F8446546-4A6F-46BD-9209-F25B9AC82B47}.Release|Any CPU.ActiveCfg = Release|Any CPU
		{F8446546-4A6F-46BD-9209-F25B9AC82B47}.Release|Any CPU.Build.0 = Release|Any CPU
	EndGlobalSection
EndGlobal
